{
  "version": 4,
  "terraform_version": "0.12.25",
  "serial": 64,
  "lineage": "8b06eb82-b549-8a59-6d70-aa6efdeda81a",
  "outputs": {},
  "resources": [
    {
      "mode": "managed",
      "type": "aws_instance",
      "name": "NiFi-Server",
      "provider": "provider.aws",
      "instances": [
        {
          "schema_version": 1,
          "attributes": {
            "ami": "ami-00d34bbabb16a7591",
            "arn": "arn:aws:ec2:us-east-1:562178332708:instance/i-0ba177d42f9cec7ff",
            "associate_public_ip_address": true,
            "availability_zone": "us-east-1e",
            "cpu_core_count": 1,
            "cpu_threads_per_core": 1,
            "credit_specification": [
              {
                "cpu_credits": "standard"
              }
            ],
            "disable_api_termination": false,
            "ebs_block_device": [],
            "ebs_optimized": false,
            "ephemeral_block_device": [],
            "get_password_data": false,
            "hibernation": false,
            "host_id": null,
            "iam_instance_profile": "EFS-EC2-Admin",
            "id": "i-0ba177d42f9cec7ff",
            "instance_initiated_shutdown_behavior": null,
            "instance_state": "running",
            "instance_type": "t2.micro",
            "ipv6_address_count": 0,
            "ipv6_addresses": [],
            "key_name": "my-efs-mount-key",
            "metadata_options": [
              {
                "http_endpoint": "enabled",
                "http_put_response_hop_limit": 1,
                "http_tokens": "optional"
              }
            ],
            "monitoring": false,
            "network_interface": [],
            "network_interface_id": null,
            "outpost_arn": "",
            "password_data": "",
            "placement_group": "",
            "primary_network_interface_id": "eni-0cff1d56d13da7713",
            "private_dns": "ip-172-31-53-127.ec2.internal",
            "private_ip": "172.31.53.127",
            "public_dns": "ec2-54-242-194-8.compute-1.amazonaws.com",
            "public_ip": "54.242.194.8",
            "root_block_device": [
              {
                "delete_on_termination": true,
                "device_name": "/dev/xvda",
                "encrypted": false,
                "iops": 100,
                "kms_key_id": "",
                "volume_id": "vol-08153ec7b17eb68a5",
                "volume_size": 8,
                "volume_type": "gp2"
              }
            ],
            "security_groups": [
              "NiFi"
            ],
            "source_dest_check": true,
            "subnet_id": "subnet-6116485f",
            "tags": {
              "Name": "NiFi Server",
              "Owner": "mezaf",
              "Source": "Terraform"
            },
            "tenancy": "default",
            "timeouts": null,
            "user_data": null,
            "user_data_base64": null,
            "volume_tags": {},
            "vpc_security_group_ids": [
              "sg-093a34d82ad88b864"
            ]
          },
          "private": "eyJlMmJmYjczMC1lY2FhLTExZTYtOGY4OC0zNDM2M2JjN2M0YzAiOnsiY3JlYXRlIjo2MDAwMDAwMDAwMDAsImRlbGV0ZSI6MTIwMDAwMDAwMDAwMCwidXBkYXRlIjo2MDAwMDAwMDAwMDB9LCJzY2hlbWFfdmVyc2lvbiI6IjEifQ==",
          "dependencies": [
            "aws_key_pair.user-ssh-key",
            "tls_private_key.tmp"
          ]
        }
      ]
    },
    {
      "mode": "managed",
      "type": "aws_key_pair",
      "name": "user-ssh-key",
      "provider": "provider.aws",
      "instances": [
        {
          "schema_version": 1,
          "attributes": {
            "fingerprint": "7e:48:e3:fb:27:5e:cc:22:5d:7b:45:bb:9f:20:87:22",
            "id": "my-efs-mount-key",
            "key_name": "my-efs-mount-key",
            "key_name_prefix": null,
            "key_pair_id": "key-005eb967085b426ab",
            "public_key": "ssh-rsa AAAAB3NzaC1yc2EAAAADAQABAAABAQCv0cM9mZ4ngPzQcODuu/ITy6kvq5E7ixfy31L+ZzAGLhr9FDKABwcK5X8GNvqEYkU+rSVpeVkPM0icu0am3fI1Zg0wRcOM3PGhjbdnK+KVp0ocuvnKjO3w01ieeTi49vy6GX6zS0wtAffHS6TD1shzHrVsQ0qtm+/0bw8YCmdlMzXQX0k5i6o+59ZgntXRLPpnXNuLvXWzazzkKOJKJ92G898Q2cVC6nDxyOPnR8DJ+sYDdjyZGyz+kLRQhVNflpQ/TXdRJA3+3B2SAtndZaQA6Z945hnEdF/WAmi3eTU6kyyrn9ZWLtmiIV7G4MVAGmS1YKNkpg5wAv5plo8kaoKZ",
            "tags": null
          },
          "private": "eyJzY2hlbWFfdmVyc2lvbiI6IjEifQ==",
          "dependencies": [
            "tls_private_key.tmp"
          ]
        }
      ]
    },
    {
      "mode": "managed",
      "type": "tls_private_key",
      "name": "tmp",
      "provider": "provider.tls",
      "instances": [
        {
          "schema_version": 0,
          "attributes": {
            "algorithm": "RSA",
            "ecdsa_curve": "P224",
            "id": "46ef1c77a1113adacafe759f7cd72f0526c7ae07",
            "private_key_pem": "-----BEGIN RSA PRIVATE KEY-----\nMIIEpgIBAAKCAQEAr9HDPZmeJ4D80HDg7rvyE8upL6uRO4sX8t9S/mcwBi4a/RQy\ngAcHCuV/Bjb6hGJFPq0laXlZDzNInLtGpt3yNWYNMEXDjNzxoY23ZyviladKHLr5\nyozt8NNYnnk4uPb8uhl+s0tMLQH3x0ukw9bIcx61bENKrZvv9G8PGApnZTM10F9J\nOYuqPufWYJ7V0Sz6Z1zbi711s2s85CjiSifdhvPfENnFQupw8cjj50fAyfrGA3Y8\nmRss/pC0UIVTX5aUP013USQN/twdkgLZ3WWkAOmfeOYZxHRf1gJot3k1OpMsq5/W\nVi7ZoiFexuDFQBpktWCjZKYOcAL+aZaPJGqCmQIDAQABAoIBAQCFy0qYBd6kkTPS\nKxQAmGWPStxkulq6xQ5kdC3kCwIwscU38ba8Vpy1Xg9b21qog1/OYlSl/wIW3x/S\npXEOard2i0JeCbjV6Qy3s/BtQqga2kM7uc18peIr8ajub7EKkGmh9OTF6/b8CRNV\nResMXNYNRMEqscqScqgXiqwhz0j/aMS2EtnmqED9MLChMUOnOB76M32PLU+WZcZz\nej6rz9HFUfj5eA1i6iP3aVEuasNoE/BqKDhcX6yokW4njmy61+K0DGvb47KsX5X8\npNpqAVw2/xLM0A50zK4V1XHwnoZ5mpmAuM1/tVqyQwab6dtQfxmEUHt1vDrPiH/u\nSh8+A6kBAoGBAOinlGvKjJ9P29zFdAyaPlP2hYXGuISd8acjWVrcYvEp+L/fu8JD\nzMK7uNM1aXsZzlfWfZ100r8439ayvp4sGHCZyYqtWz+xa3UjLY39I5GyWPoDdTgb\ngZCXfN9g4jD8o7YDZj28HmNA77K08w56T/+4oxuSMyPjYIQjMfKSnc4tAoGBAMF2\nM9Pbj7eLKvMGqnlCH6ZtyieEPq+GYGMdChOtGXKeqnqLSn25mFkIvaT7ek9ydL5Y\nNaGqCCgVXfY1kgpSmK4OkH2jn1ZkV8Km31y39C4bLPjXkmo3t0AUCstB+QsuaELb\nYVs08oN7PbMjgIaXVWO837KpgjCLy9/AzDDF2vWdAoGBANoV5HoadzELUeSkLsF1\ngMGCD+2zttmRmKl86FDUz+aS2ns6Ba33kiRkhb9ujP741MTf6gZEMR1Q+fouuaJZ\nYVuDvTnCgQu2iy1VmWlFBieYD/HkdefvWMeqSUK3dbBH0kpW62spQS72+voAxuom\nW4ExmavJoyicBqg2uaZSK5zNAoGBAINF58kcNRsAbfZWUZrSSZOu7/t8euSzs/fN\nHqdXT+s8ysU4eyVwqHXRvo2Srt319k2qoUm/jKVWSlnk4+HpRfzlmRoHyvjeQcat\nYOcTU7dtbUi1Tn6Qq+HpN6HQdGMn7EthfWBcPysEl0tVDcNGMQTqhog/CT5TvdVo\nh6WYvAjpAoGBAOEC0asDTzDgEqDelTzJpP+hLXF13r5BDHug++vSklmochdwHwhb\nMv6p8yKHJ/v9jjRnbphU/FoetOT+VbWOCctKUfb9cOw4tZ4mFv0L9nt9EoZ0PHY7\nbO5XCXw5xjVugjjdf0S0mA+EWUWGxl4IIp8kIZE1WAIahMT7ooMqS4fR\n-----END RSA PRIVATE KEY-----\n",
            "public_key_fingerprint_md5": "85:c2:82:0e:96:c5:57:e0:4b:59:be:95:ac:c4:86:33",
            "public_key_openssh": "ssh-rsa AAAAB3NzaC1yc2EAAAADAQABAAABAQCv0cM9mZ4ngPzQcODuu/ITy6kvq5E7ixfy31L+ZzAGLhr9FDKABwcK5X8GNvqEYkU+rSVpeVkPM0icu0am3fI1Zg0wRcOM3PGhjbdnK+KVp0ocuvnKjO3w01ieeTi49vy6GX6zS0wtAffHS6TD1shzHrVsQ0qtm+/0bw8YCmdlMzXQX0k5i6o+59ZgntXRLPpnXNuLvXWzazzkKOJKJ92G898Q2cVC6nDxyOPnR8DJ+sYDdjyZGyz+kLRQhVNflpQ/TXdRJA3+3B2SAtndZaQA6Z945hnEdF/WAmi3eTU6kyyrn9ZWLtmiIV7G4MVAGmS1YKNkpg5wAv5plo8kaoKZ\n",
            "public_key_pem": "-----BEGIN PUBLIC KEY-----\nMIIBIjANBgkqhkiG9w0BAQEFAAOCAQ8AMIIBCgKCAQEAr9HDPZmeJ4D80HDg7rvy\nE8upL6uRO4sX8t9S/mcwBi4a/RQygAcHCuV/Bjb6hGJFPq0laXlZDzNInLtGpt3y\nNWYNMEXDjNzxoY23ZyviladKHLr5yozt8NNYnnk4uPb8uhl+s0tMLQH3x0ukw9bI\ncx61bENKrZvv9G8PGApnZTM10F9JOYuqPufWYJ7V0Sz6Z1zbi711s2s85CjiSifd\nhvPfENnFQupw8cjj50fAyfrGA3Y8mRss/pC0UIVTX5aUP013USQN/twdkgLZ3WWk\nAOmfeOYZxHRf1gJot3k1OpMsq5/WVi7ZoiFexuDFQBpktWCjZKYOcAL+aZaPJGqC\nmQIDAQAB\n-----END PUBLIC KEY-----\n",
            "rsa_bits": 2048
          },
          "private": "bnVsbA=="
        }
      ]
    }
  ]
}
