{
  "version": 4,
  "terraform_version": "0.12.25",
  "serial": 34,
  "lineage": "8b06eb82-b549-8a59-6d70-aa6efdeda81a",
  "outputs": {},
  "resources": [
    {
      "mode": "managed",
      "type": "aws_spot_instance_request",
      "name": "NiFi-Server",
      "provider": "provider.aws",
      "instances": [
        {
          "schema_version": 0,
          "attributes": {
            "ami": "ami-00d34bbabb16a7591",
            "arn": null,
            "associate_public_ip_address": null,
            "availability_zone": null,
            "block_duration_minutes": 0,
            "cpu_core_count": null,
            "cpu_threads_per_core": null,
            "credit_specification": [],
            "disable_api_termination": null,
            "ebs_block_device": [],
            "ebs_optimized": null,
            "ephemeral_block_device": [],
            "get_password_data": false,
            "hibernation": null,
            "host_id": null,
            "iam_instance_profile": "EFS-EC2-Admin",
            "id": "sir-se9hg81h",
            "instance_initiated_shutdown_behavior": null,
            "instance_interruption_behaviour": "terminate",
            "instance_state": null,
            "instance_type": "t2.micro",
            "ipv6_address_count": null,
            "ipv6_addresses": null,
            "key_name": "access_personal",
            "launch_group": "",
            "metadata_options": null,
            "monitoring": null,
            "network_interface": [],
            "network_interface_id": null,
            "outpost_arn": null,
            "password_data": null,
            "placement_group": null,
            "primary_network_interface_id": null,
            "private_dns": null,
            "private_ip": null,
            "public_dns": null,
            "public_ip": null,
            "root_block_device": null,
            "security_groups": [],
            "source_dest_check": true,
            "spot_bid_status": "pending-fulfillment",
            "spot_instance_id": null,
            "spot_price": null,
            "spot_request_state": "open",
            "spot_type": "persistent",
            "subnet_id": null,
            "tags": {
              "Name": "NiFi Server",
              "Owner": "mezaf",
              "Source": "Terraform"
            },
            "tenancy": null,
            "timeouts": null,
            "user_data": null,
            "user_data_base64": null,
            "valid_from": "0001-01-01T00:00:00Z",
            "valid_until": "0001-01-01T00:00:00Z",
            "volume_tags": null,
            "vpc_security_group_ids": [
              "sg-093a34d82ad88b864"
            ],
            "wait_for_fulfillment": false
          },
          "private": "eyJlMmJmYjczMC1lY2FhLTExZTYtOGY4OC0zNDM2M2JjN2M0YzAiOnsiY3JlYXRlIjo2MDAwMDAwMDAwMDAsImRlbGV0ZSI6MTIwMDAwMDAwMDAwMH19"
        }
      ]
    }
  ]
}
